
Microsoft Visual Studio Solution File, Format Version 12.00
# Visual Studio Version 17
VisualStudioVersion = 17.7.34024.191
MinimumVisualStudioVersion = 10.0.40219.1
Project("{FAE04EC0-301F-11D3-BF4B-00C04F79EFBC}") = "uppgift 2.3", "uppgift 2.3\uppgift 2.3.csproj", "{450CB070-C0D7-403E-8DF4-8A80A7F22B6A}"
EndProject
Global
	GlobalSection(SolutionConfigurationPlatforms) = preSolution
		Debug|Any CPU = Debug|Any CPU
		Release|Any CPU = Release|Any CPU
	EndGlobalSection
	GlobalSection(ProjectConfigurationPlatforms) = postSolution
		{450CB070-C0D7-403E-8DF4-8A80A7F22B6A}.Debug|Any CPU.ActiveCfg = Debug|Any CPU
		{450CB070-C0D7-403E-8DF4-8A80A7F22B6A}.Debug|Any CPU.Build.0 = Debug|Any CPU
		{450CB070-C0D7-403E-8DF4-8A80A7F22B6A}.Release|Any CPU.ActiveCfg = Release|Any CPU
		{450CB070-C0D7-403E-8DF4-8A80A7F22B6A}.Release|Any CPU.Build.0 = Release|Any CPU
	EndGlobalSection
	GlobalSection(SolutionProperties) = preSolution
		HideSolutionNode = FALSE
	EndGlobalSection
	GlobalSection(ExtensibilityGlobals) = postSolution
		SolutionGuid = {1FAD402D-98BA-4665-97E8-EA14A14ED64D}
	EndGlobalSection
EndGlobal
